
Microsoft Visual Studio Solution File, Format Version 12.00
# Visual Studio Version 16
Project("{2150E333-8FDC-42A3-9474-1A3956D46DE8}") = "CMakePredefinedTargets", "CMakePredefinedTargets", "{E793AA9C-331F-37F6-9F1D-CF980B009D68}"
EndProject
Project("{2150E333-8FDC-42A3-9474-1A3956D46DE8}") = "External", "External", "{042CA483-C446-318A-91C2-194B296429DC}"
EndProject
Project("{2150E333-8FDC-42A3-9474-1A3956D46DE8}") = "Internal", "Internal", "{303596F0-9D05-3627-A64F-2956CE4EDDB9}"
EndProject
Project("{8BC9CEB8-8B4A-11D0-8D11-00A0C91BC942}") = "ALL_BUILD", "ALL_BUILD.vcxproj", "{D9968473-9D87-3199-B140-EA6D4632307C}"
	ProjectSection(ProjectDependencies) = postProject
		{D671F9D4-9097-3864-BF1E-898080BD57A7} = {D671F9D4-9097-3864-BF1E-898080BD57A7}
		{05AA3C9F-42D1-37D3-8179-B777E9A3B72E} = {05AA3C9F-42D1-37D3-8179-B777E9A3B72E}
		{A49C86CC-B8D4-387C-9E20-802942DDFF8A} = {A49C86CC-B8D4-387C-9E20-802942DDFF8A}
		{1321EB69-369F-32C3-93F6-DAA125E6C672} = {1321EB69-369F-32C3-93F6-DAA125E6C672}
		{21EC059A-2BE3-3B40-BE59-5AB1930EABF7} = {21EC059A-2BE3-3B40-BE59-5AB1930EABF7}
		{25DC3F70-A17F-3875-88C0-45DAEBEF9424} = {25DC3F70-A17F-3875-88C0-45DAEBEF9424}
		{F9B3926C-AAC8-3B7D-84B9-68F19731F1B5} = {F9B3926C-AAC8-3B7D-84B9-68F19731F1B5}
		{34C797DA-3D4E-3B50-8222-330F945825E8} = {34C797DA-3D4E-3B50-8222-330F945825E8}
		{C2BCED68-BD30-3E84-9FD8-9658FF3EF284} = {C2BCED68-BD30-3E84-9FD8-9658FF3EF284}
		{EBCC2E5F-36FD-365B-BB29-9895BE0E69E4} = {EBCC2E5F-36FD-365B-BB29-9895BE0E69E4}
		{3A19F9B1-C8FD-3038-A575-7A314C0F23D5} = {3A19F9B1-C8FD-3038-A575-7A314C0F23D5}
		{EFC9658D-DDD2-36B6-AA47-FC099658BE12} = {EFC9658D-DDD2-36B6-AA47-FC099658BE12}
		{FA024CDD-4FE8-33D5-A04A-1C921FEDBBDF} = {FA024CDD-4FE8-33D5-A04A-1C921FEDBBDF}
	EndProjectSection
EndProject
Project("{8BC9CEB8-8B4A-11D0-8D11-00A0C91BC942}") = "ZERO_CHECK", "..\..\..\\ZERO_CHECK.vcxproj", "{D671F9D4-9097-3864-BF1E-898080BD57A7}"
	ProjectSection(ProjectDependencies) = postProject
	EndProjectSection
EndProject
Project("{8BC9CEB8-8B4A-11D0-8D11-00A0C91BC942}") = "cocos2d", "cocos2d.vcxproj", "{05AA3C9F-42D1-37D3-8179-B777E9A3B72E}"
	ProjectSection(ProjectDependencies) = postProject
		{D671F9D4-9097-3864-BF1E-898080BD57A7} = {D671F9D4-9097-3864-BF1E-898080BD57A7}
		{A49C86CC-B8D4-387C-9E20-802942DDFF8A} = {A49C86CC-B8D4-387C-9E20-802942DDFF8A}
		{1321EB69-369F-32C3-93F6-DAA125E6C672} = {1321EB69-369F-32C3-93F6-DAA125E6C672}
		{21EC059A-2BE3-3B40-BE59-5AB1930EABF7} = {21EC059A-2BE3-3B40-BE59-5AB1930EABF7}
		{25DC3F70-A17F-3875-88C0-45DAEBEF9424} = {25DC3F70-A17F-3875-88C0-45DAEBEF9424}
		{F9B3926C-AAC8-3B7D-84B9-68F19731F1B5} = {F9B3926C-AAC8-3B7D-84B9-68F19731F1B5}
		{34C797DA-3D4E-3B50-8222-330F945825E8} = {34C797DA-3D4E-3B50-8222-330F945825E8}
		{C2BCED68-BD30-3E84-9FD8-9658FF3EF284} = {C2BCED68-BD30-3E84-9FD8-9658FF3EF284}
		{EBCC2E5F-36FD-365B-BB29-9895BE0E69E4} = {EBCC2E5F-36FD-365B-BB29-9895BE0E69E4}
		{3A19F9B1-C8FD-3038-A575-7A314C0F23D5} = {3A19F9B1-C8FD-3038-A575-7A314C0F23D5}
		{EFC9658D-DDD2-36B6-AA47-FC099658BE12} = {EFC9658D-DDD2-36B6-AA47-FC099658BE12}
		{FA024CDD-4FE8-33D5-A04A-1C921FEDBBDF} = {FA024CDD-4FE8-33D5-A04A-1C921FEDBBDF}
	EndProjectSection
EndProject
Project("{8BC9CEB8-8B4A-11D0-8D11-00A0C91BC942}") = "ext_clipper", "..\..\external\clipper\ext_clipper.vcxproj", "{A49C86CC-B8D4-387C-9E20-802942DDFF8A}"
	ProjectSection(ProjectDependencies) = postProject
		{D671F9D4-9097-3864-BF1E-898080BD57A7} = {D671F9D4-9097-3864-BF1E-898080BD57A7}
	EndProjectSection
EndProject
Project("{8BC9CEB8-8B4A-11D0-8D11-00A0C91BC942}") = "ext_convertUTF", "..\..\external\ConvertUTF\ext_convertUTF.vcxproj", "{1321EB69-369F-32C3-93F6-DAA125E6C672}"
	ProjectSection(ProjectDependencies) = postProject
		{D671F9D4-9097-3864-BF1E-898080BD57A7} = {D671F9D4-9097-3864-BF1E-898080BD57A7}
	EndProjectSection
EndProject
Project("{8BC9CEB8-8B4A-11D0-8D11-00A0C91BC942}") = "ext_edtaa3func", "..\..\external\edtaa3func\ext_edtaa3func.vcxproj", "{21EC059A-2BE3-3B40-BE59-5AB1930EABF7}"
	ProjectSection(ProjectDependencies) = postProject
		{D671F9D4-9097-3864-BF1E-898080BD57A7} = {D671F9D4-9097-3864-BF1E-898080BD57A7}
	EndProjectSection
EndProject
Project("{8BC9CEB8-8B4A-11D0-8D11-00A0C91BC942}") = "ext_md5", "..\..\external\md5\ext_md5.vcxproj", "{25DC3F70-A17F-3875-88C0-45DAEBEF9424}"
	ProjectSection(ProjectDependencies) = postProject
		{D671F9D4-9097-3864-BF1E-898080BD57A7} = {D671F9D4-9097-3864-BF1E-898080BD57A7}
	EndProjectSection
EndProject
Project("{8BC9CEB8-8B4A-11D0-8D11-00A0C91BC942}") = "ext_poly2tri", "..\..\external\poly2tri\ext_poly2tri.vcxproj", "{F9B3926C-AAC8-3B7D-84B9-68F19731F1B5}"
	ProjectSection(ProjectDependencies) = postProject
		{D671F9D4-9097-3864-BF1E-898080BD57A7} = {D671F9D4-9097-3864-BF1E-898080BD57A7}
	EndProjectSection
EndProject
Project("{8BC9CEB8-8B4A-11D0-8D11-00A0C91BC942}") = "ext_recast", "..\..\external\recast\ext_recast.vcxproj", "{34C797DA-3D4E-3B50-8222-330F945825E8}"
	ProjectSection(ProjectDependencies) = postProject
		{D671F9D4-9097-3864-BF1E-898080BD57A7} = {D671F9D4-9097-3864-BF1E-898080BD57A7}
	EndProjectSection
EndProject
Project("{8BC9CEB8-8B4A-11D0-8D11-00A0C91BC942}") = "ext_tinyxml2", "..\..\external\tinyxml2\ext_tinyxml2.vcxproj", "{C2BCED68-BD30-3E84-9FD8-9658FF3EF284}"
	ProjectSection(ProjectDependencies) = postProject
		{D671F9D4-9097-3864-BF1E-898080BD57A7} = {D671F9D4-9097-3864-BF1E-898080BD57A7}
	EndProjectSection
EndProject
Project("{8BC9CEB8-8B4A-11D0-8D11-00A0C91BC942}") = "ext_unzip", "..\..\external\unzip\ext_unzip.vcxproj", "{EBCC2E5F-36FD-365B-BB29-9895BE0E69E4}"
	ProjectSection(ProjectDependencies) = postProject
		{D671F9D4-9097-3864-BF1E-898080BD57A7} = {D671F9D4-9097-3864-BF1E-898080BD57A7}
	EndProjectSection
EndProject
Project("{8BC9CEB8-8B4A-11D0-8D11-00A0C91BC942}") = "ext_xxhash", "..\..\external\xxhash\ext_xxhash.vcxproj", "{3A19F9B1-C8FD-3038-A575-7A314C0F23D5}"
	ProjectSection(ProjectDependencies) = postProject
		{D671F9D4-9097-3864-BF1E-898080BD57A7} = {D671F9D4-9097-3864-BF1E-898080BD57A7}
	EndProjectSection
EndProject
Project("{8BC9CEB8-8B4A-11D0-8D11-00A0C91BC942}") = "ext_xxtea", "..\..\external\xxtea\ext_xxtea.vcxproj", "{EFC9658D-DDD2-36B6-AA47-FC099658BE12}"
	ProjectSection(ProjectDependencies) = postProject
		{D671F9D4-9097-3864-BF1E-898080BD57A7} = {D671F9D4-9097-3864-BF1E-898080BD57A7}
	EndProjectSection
EndProject
Project("{8BC9CEB8-8B4A-11D0-8D11-00A0C91BC942}") = "external", "..\..\external\external.vcxproj", "{FA024CDD-4FE8-33D5-A04A-1C921FEDBBDF}"
	ProjectSection(ProjectDependencies) = postProject
		{D671F9D4-9097-3864-BF1E-898080BD57A7} = {D671F9D4-9097-3864-BF1E-898080BD57A7}
		{A49C86CC-B8D4-387C-9E20-802942DDFF8A} = {A49C86CC-B8D4-387C-9E20-802942DDFF8A}
		{1321EB69-369F-32C3-93F6-DAA125E6C672} = {1321EB69-369F-32C3-93F6-DAA125E6C672}
		{21EC059A-2BE3-3B40-BE59-5AB1930EABF7} = {21EC059A-2BE3-3B40-BE59-5AB1930EABF7}
		{25DC3F70-A17F-3875-88C0-45DAEBEF9424} = {25DC3F70-A17F-3875-88C0-45DAEBEF9424}
		{F9B3926C-AAC8-3B7D-84B9-68F19731F1B5} = {F9B3926C-AAC8-3B7D-84B9-68F19731F1B5}
		{34C797DA-3D4E-3B50-8222-330F945825E8} = {34C797DA-3D4E-3B50-8222-330F945825E8}
		{C2BCED68-BD30-3E84-9FD8-9658FF3EF284} = {C2BCED68-BD30-3E84-9FD8-9658FF3EF284}
		{EBCC2E5F-36FD-365B-BB29-9895BE0E69E4} = {EBCC2E5F-36FD-365B-BB29-9895BE0E69E4}
		{3A19F9B1-C8FD-3038-A575-7A314C0F23D5} = {3A19F9B1-C8FD-3038-A575-7A314C0F23D5}
		{EFC9658D-DDD2-36B6-AA47-FC099658BE12} = {EFC9658D-DDD2-36B6-AA47-FC099658BE12}
	EndProjectSection
EndProject
Global
	GlobalSection(SolutionConfigurationPlatforms) = preSolution
		Debug|Win32 = Debug|Win32
		Release|Win32 = Release|Win32
		MinSizeRel|Win32 = MinSizeRel|Win32
		RelWithDebInfo|Win32 = RelWithDebInfo|Win32
	EndGlobalSection
	GlobalSection(ProjectConfigurationPlatforms) = postSolution
		{D9968473-9D87-3199-B140-EA6D4632307C}.Debug|Win32.ActiveCfg = Debug|Win32
		{D9968473-9D87-3199-B140-EA6D4632307C}.Release|Win32.ActiveCfg = Release|Win32
		{D9968473-9D87-3199-B140-EA6D4632307C}.MinSizeRel|Win32.ActiveCfg = MinSizeRel|Win32
		{D9968473-9D87-3199-B140-EA6D4632307C}.RelWithDebInfo|Win32.ActiveCfg = RelWithDebInfo|Win32
		{D671F9D4-9097-3864-BF1E-898080BD57A7}.Debug|Win32.ActiveCfg = Debug|Win32
		{D671F9D4-9097-3864-BF1E-898080BD57A7}.Debug|Win32.Build.0 = Debug|Win32
		{D671F9D4-9097-3864-BF1E-898080BD57A7}.Release|Win32.ActiveCfg = Release|Win32
		{D671F9D4-9097-3864-BF1E-898080BD57A7}.Release|Win32.Build.0 = Release|Win32
		{D671F9D4-9097-3864-BF1E-898080BD57A7}.MinSizeRel|Win32.ActiveCfg = MinSizeRel|Win32
		{D671F9D4-9097-3864-BF1E-898080BD57A7}.MinSizeRel|Win32.Build.0 = MinSizeRel|Win32
		{D671F9D4-9097-3864-BF1E-898080BD57A7}.RelWithDebInfo|Win32.ActiveCfg = RelWithDebInfo|Win32
		{D671F9D4-9097-3864-BF1E-898080BD57A7}.RelWithDebInfo|Win32.Build.0 = RelWithDebInfo|Win32
		{05AA3C9F-42D1-37D3-8179-B777E9A3B72E}.Debug|Win32.ActiveCfg = Debug|Win32
		{05AA3C9F-42D1-37D3-8179-B777E9A3B72E}.Debug|Win32.Build.0 = Debug|Win32
		{05AA3C9F-42D1-37D3-8179-B777E9A3B72E}.Release|Win32.ActiveCfg = Release|Win32
		{05AA3C9F-42D1-37D3-8179-B777E9A3B72E}.Release|Win32.Build.0 = Release|Win32
		{05AA3C9F-42D1-37D3-8179-B777E9A3B72E}.MinSizeRel|Win32.ActiveCfg = MinSizeRel|Win32
		{05AA3C9F-42D1-37D3-8179-B777E9A3B72E}.MinSizeRel|Win32.Build.0 = MinSizeRel|Win32
		{05AA3C9F-42D1-37D3-8179-B777E9A3B72E}.RelWithDebInfo|Win32.ActiveCfg = RelWithDebInfo|Win32
		{05AA3C9F-42D1-37D3-8179-B777E9A3B72E}.RelWithDebInfo|Win32.Build.0 = RelWithDebInfo|Win32
		{A49C86CC-B8D4-387C-9E20-802942DDFF8A}.Debug|Win32.ActiveCfg = Debug|Win32
		{A49C86CC-B8D4-387C-9E20-802942DDFF8A}.Debug|Win32.Build.0 = Debug|Win32
		{A49C86CC-B8D4-387C-9E20-802942DDFF8A}.Release|Win32.ActiveCfg = Release|Win32
		{A49C86CC-B8D4-387C-9E20-802942DDFF8A}.Release|Win32.Build.0 = Release|Win32
		{A49C86CC-B8D4-387C-9E20-802942DDFF8A}.MinSizeRel|Win32.ActiveCfg = MinSizeRel|Win32
		{A49C86CC-B8D4-387C-9E20-802942DDFF8A}.MinSizeRel|Win32.Build.0 = MinSizeRel|Win32
		{A49C86CC-B8D4-387C-9E20-802942DDFF8A}.RelWithDebInfo|Win32.ActiveCfg = RelWithDebInfo|Win32
		{A49C86CC-B8D4-387C-9E20-802942DDFF8A}.RelWithDebInfo|Win32.Build.0 = RelWithDebInfo|Win32
		{1321EB69-369F-32C3-93F6-DAA125E6C672}.Debug|Win32.ActiveCfg = Debug|Win32
		{1321EB69-369F-32C3-93F6-DAA125E6C672}.Debug|Win32.Build.0 = Debug|Win32
		{1321EB69-369F-32C3-93F6-DAA125E6C672}.Release|Win32.ActiveCfg = Release|Win32
		{1321EB69-369F-32C3-93F6-DAA125E6C672}.Release|Win32.Build.0 = Release|Win32
		{1321EB69-369F-32C3-93F6-DAA125E6C672}.MinSizeRel|Win32.ActiveCfg = MinSizeRel|Win32
		{1321EB69-369F-32C3-93F6-DAA125E6C672}.MinSizeRel|Win32.Build.0 = MinSizeRel|Win32
		{1321EB69-369F-32C3-93F6-DAA125E6C672}.RelWithDebInfo|Win32.ActiveCfg = RelWithDebInfo|Win32
		{1321EB69-369F-32C3-93F6-DAA125E6C672}.RelWithDebInfo|Win32.Build.0 = RelWithDebInfo|Win32
		{21EC059A-2BE3-3B40-BE59-5AB1930EABF7}.Debug|Win32.ActiveCfg = Debug|Win32
		{21EC059A-2BE3-3B40-BE59-5AB1930EABF7}.Debug|Win32.Build.0 = Debug|Win32
		{21EC059A-2BE3-3B40-BE59-5AB1930EABF7}.Release|Win32.ActiveCfg = Release|Win32
		{21EC059A-2BE3-3B40-BE59-5AB1930EABF7}.Release|Win32.Build.0 = Release|Win32
		{21EC059A-2BE3-3B40-BE59-5AB1930EABF7}.MinSizeRel|Win32.ActiveCfg = MinSizeRel|Win32
		{21EC059A-2BE3-3B40-BE59-5AB1930EABF7}.MinSizeRel|Win32.Build.0 = MinSizeRel|Win32
		{21EC059A-2BE3-3B40-BE59-5AB1930EABF7}.RelWithDebInfo|Win32.ActiveCfg = RelWithDebInfo|Win32
		{21EC059A-2BE3-3B40-BE59-5AB1930EABF7}.RelWithDebInfo|Win32.Build.0 = RelWithDebInfo|Win32
		{25DC3F70-A17F-3875-88C0-45DAEBEF9424}.Debug|Win32.ActiveCfg = Debug|Win32
		{25DC3F70-A17F-3875-88C0-45DAEBEF9424}.Debug|Win32.Build.0 = Debug|Win32
		{25DC3F70-A17F-3875-88C0-45DAEBEF9424}.Release|Win32.ActiveCfg = Release|Win32
		{25DC3F70-A17F-3875-88C0-45DAEBEF9424}.Release|Win32.Build.0 = Release|Win32
		{25DC3F70-A17F-3875-88C0-45DAEBEF9424}.MinSizeRel|Win32.ActiveCfg = MinSizeRel|Win32
		{25DC3F70-A17F-3875-88C0-45DAEBEF9424}.MinSizeRel|Win32.Build.0 = MinSizeRel|Win32
		{25DC3F70-A17F-3875-88C0-45DAEBEF9424}.RelWithDebInfo|Win32.ActiveCfg = RelWithDebInfo|Win32
		{25DC3F70-A17F-3875-88C0-45DAEBEF9424}.RelWithDebInfo|Win32.Build.0 = RelWithDebInfo|Win32
		{F9B3926C-AAC8-3B7D-84B9-68F19731F1B5}.Debug|Win32.ActiveCfg = Debug|Win32
		{F9B3926C-AAC8-3B7D-84B9-68F19731F1B5}.Debug|Win32.Build.0 = Debug|Win32
		{F9B3926C-AAC8-3B7D-84B9-68F19731F1B5}.Release|Win32.ActiveCfg = Release|Win32
		{F9B3926C-AAC8-3B7D-84B9-68F19731F1B5}.Release|Win32.Build.0 = Release|Win32
		{F9B3926C-AAC8-3B7D-84B9-68F19731F1B5}.MinSizeRel|Win32.ActiveCfg = MinSizeRel|Win32
		{F9B3926C-AAC8-3B7D-84B9-68F19731F1B5}.MinSizeRel|Win32.Build.0 = MinSizeRel|Win32
		{F9B3926C-AAC8-3B7D-84B9-68F19731F1B5}.RelWithDebInfo|Win32.ActiveCfg = RelWithDebInfo|Win32
		{F9B3926C-AAC8-3B7D-84B9-68F19731F1B5}.RelWithDebInfo|Win32.Build.0 = RelWithDebInfo|Win32
		{34C797DA-3D4E-3B50-8222-330F945825E8}.Debug|Win32.ActiveCfg = Debug|Win32
		{34C797DA-3D4E-3B50-8222-330F945825E8}.Debug|Win32.Build.0 = Debug|Win32
		{34C797DA-3D4E-3B50-8222-330F945825E8}.Release|Win32.ActiveCfg = Release|Win32
		{34C797DA-3D4E-3B50-8222-330F945825E8}.Release|Win32.Build.0 = Release|Win32
		{34C797DA-3D4E-3B50-8222-330F945825E8}.MinSizeRel|Win32.ActiveCfg = MinSizeRel|Win32
		{34C797DA-3D4E-3B50-8222-330F945825E8}.MinSizeRel|Win32.Build.0 = MinSizeRel|Win32
		{34C797DA-3D4E-3B50-8222-330F945825E8}.RelWithDebInfo|Win32.ActiveCfg = RelWithDebInfo|Win32
		{34C797DA-3D4E-3B50-8222-330F945825E8}.RelWithDebInfo|Win32.Build.0 = RelWithDebInfo|Win32
		{C2BCED68-BD30-3E84-9FD8-9658FF3EF284}.Debug|Win32.ActiveCfg = Debug|Win32
		{C2BCED68-BD30-3E84-9FD8-9658FF3EF284}.Debug|Win32.Build.0 = Debug|Win32
		{C2BCED68-BD30-3E84-9FD8-9658FF3EF284}.Release|Win32.ActiveCfg = Release|Win32
		{C2BCED68-BD30-3E84-9FD8-9658FF3EF284}.Release|Win32.Build.0 = Release|Win32
		{C2BCED68-BD30-3E84-9FD8-9658FF3EF284}.MinSizeRel|Win32.ActiveCfg = MinSizeRel|Win32
		{C2BCED68-BD30-3E84-9FD8-9658FF3EF284}.MinSizeRel|Win32.Build.0 = MinSizeRel|Win32
		{C2BCED68-BD30-3E84-9FD8-9658FF3EF284}.RelWithDebInfo|Win32.ActiveCfg = RelWithDebInfo|Win32
		{C2BCED68-BD30-3E84-9FD8-9658FF3EF284}.RelWithDebInfo|Win32.Build.0 = RelWithDebInfo|Win32
		{EBCC2E5F-36FD-365B-BB29-9895BE0E69E4}.Debug|Win32.ActiveCfg = Debug|Win32
		{EBCC2E5F-36FD-365B-BB29-9895BE0E69E4}.Debug|Win32.Build.0 = Debug|Win32
		{EBCC2E5F-36FD-365B-BB29-9895BE0E69E4}.Release|Win32.ActiveCfg = Release|Win32
		{EBCC2E5F-36FD-365B-BB29-9895BE0E69E4}.Release|Win32.Build.0 = Release|Win32
		{EBCC2E5F-36FD-365B-BB29-9895BE0E69E4}.MinSizeRel|Win32.ActiveCfg = MinSizeRel|Win32
		{EBCC2E5F-36FD-365B-BB29-9895BE0E69E4}.MinSizeRel|Win32.Build.0 = MinSizeRel|Win32
		{EBCC2E5F-36FD-365B-BB29-9895BE0E69E4}.RelWithDebInfo|Win32.ActiveCfg = RelWithDebInfo|Win32
		{EBCC2E5F-36FD-365B-BB29-9895BE0E69E4}.RelWithDebInfo|Win32.Build.0 = RelWithDebInfo|Win32
		{3A19F9B1-C8FD-3038-A575-7A314C0F23D5}.Debug|Win32.ActiveCfg = Debug|Win32
		{3A19F9B1-C8FD-3038-A575-7A314C0F23D5}.Debug|Win32.Build.0 = Debug|Win32
		{3A19F9B1-C8FD-3038-A575-7A314C0F23D5}.Release|Win32.ActiveCfg = Release|Win32
		{3A19F9B1-C8FD-3038-A575-7A314C0F23D5}.Release|Win32.Build.0 = Release|Win32
		{3A19F9B1-C8FD-3038-A575-7A314C0F23D5}.MinSizeRel|Win32.ActiveCfg = MinSizeRel|Win32
		{3A19F9B1-C8FD-3038-A575-7A314C0F23D5}.MinSizeRel|Win32.Build.0 = MinSizeRel|Win32
		{3A19F9B1-C8FD-3038-A575-7A314C0F23D5}.RelWithDebInfo|Win32.ActiveCfg = RelWithDebInfo|Win32
		{3A19F9B1-C8FD-3038-A575-7A314C0F23D5}.RelWithDebInfo|Win32.Build.0 = RelWithDebInfo|Win32
		{EFC9658D-DDD2-36B6-AA47-FC099658BE12}.Debug|Win32.ActiveCfg = Debug|Win32
		{EFC9658D-DDD2-36B6-AA47-FC099658BE12}.Debug|Win32.Build.0 = Debug|Win32
		{EFC9658D-DDD2-36B6-AA47-FC099658BE12}.Release|Win32.ActiveCfg = Release|Win32
		{EFC9658D-DDD2-36B6-AA47-FC099658BE12}.Release|Win32.Build.0 = Release|Win32
		{EFC9658D-DDD2-36B6-AA47-FC099658BE12}.MinSizeRel|Win32.ActiveCfg = MinSizeRel|Win32
		{EFC9658D-DDD2-36B6-AA47-FC099658BE12}.MinSizeRel|Win32.Build.0 = MinSizeRel|Win32
		{EFC9658D-DDD2-36B6-AA47-FC099658BE12}.RelWithDebInfo|Win32.ActiveCfg = RelWithDebInfo|Win32
		{EFC9658D-DDD2-36B6-AA47-FC099658BE12}.RelWithDebInfo|Win32.Build.0 = RelWithDebInfo|Win32
		{FA024CDD-4FE8-33D5-A04A-1C921FEDBBDF}.Debug|Win32.ActiveCfg = Debug|Win32
		{FA024CDD-4FE8-33D5-A04A-1C921FEDBBDF}.Debug|Win32.Build.0 = Debug|Win32
		{FA024CDD-4FE8-33D5-A04A-1C921FEDBBDF}.Release|Win32.ActiveCfg = Release|Win32
		{FA024CDD-4FE8-33D5-A04A-1C921FEDBBDF}.Release|Win32.Build.0 = Release|Win32
		{FA024CDD-4FE8-33D5-A04A-1C921FEDBBDF}.MinSizeRel|Win32.ActiveCfg = MinSizeRel|Win32
		{FA024CDD-4FE8-33D5-A04A-1C921FEDBBDF}.MinSizeRel|Win32.Build.0 = MinSizeRel|Win32
		{FA024CDD-4FE8-33D5-A04A-1C921FEDBBDF}.RelWithDebInfo|Win32.ActiveCfg = RelWithDebInfo|Win32
		{FA024CDD-4FE8-33D5-A04A-1C921FEDBBDF}.RelWithDebInfo|Win32.Build.0 = RelWithDebInfo|Win32
	EndGlobalSection
	GlobalSection(NestedProjects) = preSolution
		{D9968473-9D87-3199-B140-EA6D4632307C} = {E793AA9C-331F-37F6-9F1D-CF980B009D68}
		{D671F9D4-9097-3864-BF1E-898080BD57A7} = {E793AA9C-331F-37F6-9F1D-CF980B009D68}
		{A49C86CC-B8D4-387C-9E20-802942DDFF8A} = {042CA483-C446-318A-91C2-194B296429DC}
		{1321EB69-369F-32C3-93F6-DAA125E6C672} = {042CA483-C446-318A-91C2-194B296429DC}
		{21EC059A-2BE3-3B40-BE59-5AB1930EABF7} = {042CA483-C446-318A-91C2-194B296429DC}
		{25DC3F70-A17F-3875-88C0-45DAEBEF9424} = {042CA483-C446-318A-91C2-194B296429DC}
		{F9B3926C-AAC8-3B7D-84B9-68F19731F1B5} = {042CA483-C446-318A-91C2-194B296429DC}
		{34C797DA-3D4E-3B50-8222-330F945825E8} = {042CA483-C446-318A-91C2-194B296429DC}
		{C2BCED68-BD30-3E84-9FD8-9658FF3EF284} = {042CA483-C446-318A-91C2-194B296429DC}
		{EBCC2E5F-36FD-365B-BB29-9895BE0E69E4} = {042CA483-C446-318A-91C2-194B296429DC}
		{3A19F9B1-C8FD-3038-A575-7A314C0F23D5} = {042CA483-C446-318A-91C2-194B296429DC}
		{EFC9658D-DDD2-36B6-AA47-FC099658BE12} = {042CA483-C446-318A-91C2-194B296429DC}
		{FA024CDD-4FE8-33D5-A04A-1C921FEDBBDF} = {042CA483-C446-318A-91C2-194B296429DC}
		{05AA3C9F-42D1-37D3-8179-B777E9A3B72E} = {303596F0-9D05-3627-A64F-2956CE4EDDB9}
	EndGlobalSection
	GlobalSection(ExtensibilityGlobals) = postSolution
		SolutionGuid = {EBA548CB-EFDA-3E18-94E7-192372E8AA8B}
	EndGlobalSection
	GlobalSection(ExtensibilityAddIns) = postSolution
	EndGlobalSection
EndGlobal
